
Microsoft Visual Studio Solution File, Format Version 12.00
# Visual Studio Version 17
VisualStudioVersion = 17.0.31912.275
MinimumVisualStudioVersion = 10.0.40219.1
Project("{9A19103F-16F7-4668-BE54-9A1E7A4F7556}") = "CShop.Data", "CShop.Data\CShop.Data.csproj", "{9C95C4FD-2493-47F1-894B-58CE9132B383}"
EndProject
Project("{9A19103F-16F7-4668-BE54-9A1E7A4F7556}") = "CShop.WebApp", "CShop.WebApp\CShop.WebApp.csproj", "{75056B15-D04E-44F1-A662-BF0CAABB0069}"
EndProject
Project("{FAE04EC0-301F-11D3-BF4B-00C04F79EFBC}") = "CShop.Common", "CShop.Common\CShop.Common.csproj", "{D825A824-8DBD-4EAD-B036-A19136E6810C}"
EndProject
Global
	GlobalSection(SolutionConfigurationPlatforms) = preSolution
		Debug|Any CPU = Debug|Any CPU
		Release|Any CPU = Release|Any CPU
	EndGlobalSection
	GlobalSection(ProjectConfigurationPlatforms) = postSolution
		{9C95C4FD-2493-47F1-894B-58CE9132B383}.Debug|Any CPU.ActiveCfg = Debug|Any CPU
		{9C95C4FD-2493-47F1-894B-58CE9132B383}.Debug|Any CPU.Build.0 = Debug|Any CPU
		{9C95C4FD-2493-47F1-894B-58CE9132B383}.Release|Any CPU.ActiveCfg = Release|Any CPU
		{9C95C4FD-2493-47F1-894B-58CE9132B383}.Release|Any CPU.Build.0 = Release|Any CPU
		{75056B15-D04E-44F1-A662-BF0CAABB0069}.Debug|Any CPU.ActiveCfg = Debug|Any CPU
		{75056B15-D04E-44F1-A662-BF0CAABB0069}.Debug|Any CPU.Build.0 = Debug|Any CPU
		{75056B15-D04E-44F1-A662-BF0CAABB0069}.Release|Any CPU.ActiveCfg = Release|Any CPU
		{75056B15-D04E-44F1-A662-BF0CAABB0069}.Release|Any CPU.Build.0 = Release|Any CPU
		{D825A824-8DBD-4EAD-B036-A19136E6810C}.Debug|Any CPU.ActiveCfg = Debug|Any CPU
		{D825A824-8DBD-4EAD-B036-A19136E6810C}.Debug|Any CPU.Build.0 = Debug|Any CPU
		{D825A824-8DBD-4EAD-B036-A19136E6810C}.Release|Any CPU.ActiveCfg = Release|Any CPU
		{D825A824-8DBD-4EAD-B036-A19136E6810C}.Release|Any CPU.Build.0 = Release|Any CPU
	EndGlobalSection
	GlobalSection(SolutionProperties) = preSolution
		HideSolutionNode = FALSE
	EndGlobalSection
	GlobalSection(ExtensibilityGlobals) = postSolution
		SolutionGuid = {65001EF2-19C6-4104-9BDE-F182B372DC8E}
	EndGlobalSection
EndGlobal
